
Microsoft Visual Studio Solution File, Format Version 12.00
# Visual Studio Version 17
VisualStudioVersion = 17.10.35027.167
MinimumVisualStudioVersion = 10.0.40219.1
Project("{FAE04EC0-301F-11D3-BF4B-00C04F79EFBC}") = "SocialNetwork", "SocialNetwork\SocialNetwork.csproj", "{0C73E6AF-B4D7-4BDB-ABD4-648287B8005C}"
EndProject
Project("{FAE04EC0-301F-11D3-BF4B-00C04F79EFBC}") = "SocialNetwork.Tests", "SocialNetwork.Tests\SocialNetwork.Tests.csproj", "{9D38462B-6030-498D-AA28-E01F56761F52}"
EndProject
Global
	GlobalSection(SolutionConfigurationPlatforms) = preSolution
		Debug|Any CPU = Debug|Any CPU
		Release|Any CPU = Release|Any CPU
	EndGlobalSection
	GlobalSection(ProjectConfigurationPlatforms) = postSolution
		{0C73E6AF-B4D7-4BDB-ABD4-648287B8005C}.Debug|Any CPU.ActiveCfg = Debug|Any CPU
		{0C73E6AF-B4D7-4BDB-ABD4-648287B8005C}.Debug|Any CPU.Build.0 = Debug|Any CPU
		{0C73E6AF-B4D7-4BDB-ABD4-648287B8005C}.Release|Any CPU.ActiveCfg = Release|Any CPU
		{0C73E6AF-B4D7-4BDB-ABD4-648287B8005C}.Release|Any CPU.Build.0 = Release|Any CPU
		{9D38462B-6030-498D-AA28-E01F56761F52}.Debug|Any CPU.ActiveCfg = Debug|Any CPU
		{9D38462B-6030-498D-AA28-E01F56761F52}.Debug|Any CPU.Build.0 = Debug|Any CPU
		{9D38462B-6030-498D-AA28-E01F56761F52}.Release|Any CPU.ActiveCfg = Release|Any CPU
		{9D38462B-6030-498D-AA28-E01F56761F52}.Release|Any CPU.Build.0 = Release|Any CPU
	EndGlobalSection
	GlobalSection(SolutionProperties) = preSolution
		HideSolutionNode = FALSE
	EndGlobalSection
	GlobalSection(ExtensibilityGlobals) = postSolution
		SolutionGuid = {2E566D5A-E75E-4B02-BBE2-7FB027FD22C3}
	EndGlobalSection
EndGlobal
